
Microsoft Visual Studio Solution File, Format Version 12.00
# Visual Studio Version 16
VisualStudioVersion = 16.0.30104.148
MinimumVisualStudioVersion = 10.0.40219.1
Project("{888888A0-9F3D-457C-B088-3A5042F75D52}") = "type-writer", "type-writer.pyproj", "{A030139F-B927-4B24-862A-5F2E77CA5DAC}"
EndProject
Global
	GlobalSection(SolutionConfigurationPlatforms) = preSolution
		Debug|Any CPU = Debug|Any CPU
		Release|Any CPU = Release|Any CPU
	EndGlobalSection
	GlobalSection(ProjectConfigurationPlatforms) = postSolution
		{A030139F-B927-4B24-862A-5F2E77CA5DAC}.Debug|Any CPU.ActiveCfg = Debug|Any CPU
		{A030139F-B927-4B24-862A-5F2E77CA5DAC}.Release|Any CPU.ActiveCfg = Release|Any CPU
	EndGlobalSection
	GlobalSection(SolutionProperties) = preSolution
		HideSolutionNode = FALSE
	EndGlobalSection
	GlobalSection(ExtensibilityGlobals) = postSolution
		SolutionGuid = {A9AFF203-42DA-458D-9E5C-94D487F89285}
	EndGlobalSection
EndGlobal
